# THIS IS AN AUTOGENERATED FILE. DO NOT EDIT THIS FILE DIRECTLY.
# yarn lockfile v1


debug@^3.1.0:
  version "3.2.6"
  resolved "https://registry.yarnpkg.com/debug/-/debug-3.2.6.tgz#e83d17de16d8a7efb7717edbe5fb10135eee629b"
  integrity sha512-mel+jf7nrtEl5Pn1Qx46zARXKDpBbvzezse7p7LqINmdoIk8PYP5SySaxEmYv6TZ0JyEKA1hsCId6DIhgITtWQ==
  dependencies:
    ms "^2.1.1"

direction@^0.1.5:
  version "0.1.5"
  resolved "https://registry.yarnpkg.com/direction/-/direction-0.1.5.tgz#ce5d797f97e26f8be7beff53f7dc40e1c1a9ec4c"
  integrity sha1-zl15f5fib4vnvv9T99xA4cGp7Ew=

esrever@^0.2.0:
  version "0.2.0"
  resolved "https://registry.yarnpkg.com/esrever/-/esrever-0.2.0.tgz#96e9d28f4f1b1a76784cd5d490eaae010e7407b8"
  integrity sha1-lunSj08bGnZ4TNXUkOquAQ50B7g=

get-document@1:
  version "1.0.0"
  resolved "https://registry.yarnpkg.com/get-document/-/get-document-1.0.0.tgz#4821bce66f1c24cb0331602be6cb6b12c4f01c4b"
  integrity sha1-SCG85m8cJMsDMWAr5strEsTwHEs=

get-window@^1.1.1:
  version "1.1.2"
  resolved "https://registry.yarnpkg.com/get-window/-/get-window-1.1.2.tgz#65fbaa999fb87f86ea5d30770f4097707044f47f"
  integrity sha512-yjWpFcy9fjhLQHW1dPtg9ga4pmizLY8y4ZSHdGrAQ1NU277MRhnGnnLPxe19X8W5lWVsCZz++5xEuNozWMVmTw==
  dependencies:
    get-document "1"

immutable@^4.0.0-rc.12:
  version "4.0.0-rc.12"
  resolved "https://registry.yarnpkg.com/immutable/-/immutable-4.0.0-rc.12.tgz#ca59a7e4c19ae8d9bf74a97bdf0f6e2f2a5d0217"
  integrity sha512-0M2XxkZLx/mi3t8NVwIm1g8nHoEmM9p9UBl/G9k4+hm0kBgOVdMV/B3CY5dQ8qG8qc80NN4gDV4HQv6FTJ5q7A==

is-hotkey@0.1.4:
  version "0.1.4"
  resolved "https://registry.yarnpkg.com/is-hotkey/-/is-hotkey-0.1.4.tgz#c34d2c85d6ec8d09a871dcf71931c8067a824c7d"
  integrity sha512-Py+aW4r5mBBY18TGzGz286/gKS+fCQ0Hee3qkaiSmEPiD0PqFpe0wuA3l7rTOUKyeXl8Mxf3XzJxIoTlSv+kxA==

is-in-browser@^1.1.3:
  version "1.1.3"
  resolved "https://registry.yarnpkg.com/is-in-browser/-/is-in-browser-1.1.3.tgz#56ff4db683a078c6082eb95dad7dc62e1d04f835"
  integrity sha1-Vv9NtoOgeMYILrldrX3GLh0E+DU=

is-plain-object@^2.0.4:
  version "2.0.4"
  resolved "https://registry.yarnpkg.com/is-plain-object/-/is-plain-object-2.0.4.tgz#2c163b3fafb1b606d9d17928f05c2a1c38e07677"
  integrity sha512-h5PpgXkWitc38BBMYawTYMWJHFZJVnBquFE57xFpjB8pJFiF6gZ+bU+WyI/yqXiFR5mdLsgYNaPe8uao6Uv9Og==
  dependencies:
    isobject "^3.0.1"

is-window@^1.0.2:
  version "1.0.2"
  resolved "https://registry.yarnpkg.com/is-window/-/is-window-1.0.2.tgz#2c896ca53db97de45d3c33133a65d8c9f563480d"
  integrity sha1-LIlspT25feRdPDMTOmXYyfVjSA0=

isobject@^3.0.1:
  version "3.0.1"
  resolved "https://registry.yarnpkg.com/isobject/-/isobject-3.0.1.tgz#4e431e92b11a9731636aa1f9c8d1ccbcfdab78df"
  integrity sha1-TkMekrEalzFjaqH5yNHMvP2reN8=

isomorphic-base64@^1.0.2:
  version "1.0.2"
  resolved "https://registry.yarnpkg.com/isomorphic-base64/-/isomorphic-base64-1.0.2.tgz#f426aae82569ba8a4ec5ca73ad21a44ab1ee7803"
  integrity sha1-9Caq6CVpuopOxcpzrSGkSrHueAM=

"js-tokens@^3.0.0 || ^4.0.0":
  version "4.0.0"
  resolved "https://registry.yarnpkg.com/js-tokens/-/js-tokens-4.0.0.tgz#19203fb59991df98e3a287050d4647cdeaf32499"
  integrity sha512-RdJUflcE3cUzKiMqQgsCu06FPu9UdIJO0beYbPhHN4k6apgJtifcoCtT9bcxOpYBtpD2kCM6Sbzg4CausW/PKQ==

lodash@^4.1.1, lodash@^4.17.4:
  version "4.17.11"
  resolved "https://registry.yarnpkg.com/lodash/-/lodash-4.17.11.tgz#b39ea6229ef607ecd89e2c8df12536891cac9b8d"
  integrity sha512-cQKh8igo5QUhZ7lg38DYWAxMvjSAKG0A8wGSVimP07SIUEK2UO+arSRKbRZWtelMtN5V0Hkwh5ryOto/SshYIg==

loose-envify@^1.3.1:
  version "1.4.0"
  resolved "https://registry.yarnpkg.com/loose-envify/-/loose-envify-1.4.0.tgz#71ee51fa7be4caec1a63839f7e682d8132d30caf"
  integrity sha512-lyuxPGr/Wfhrlem2CL/UcnUc1zcqKAImBDzukY7Y5F/yQiNdko6+fRLevlw1HgMySw7f611UIY408EtxRSoK3Q==
  dependencies:
    js-tokens "^3.0.0 || ^4.0.0"

memoize-one@^4.0.0:
  version "4.0.3"
  resolved "https://registry.yarnpkg.com/memoize-one/-/memoize-one-4.0.3.tgz#cdfdd942853f1a1b4c71c5336b8c49da0bf0273c"
  integrity sha512-QmpUu4KqDmX0plH4u+tf0riMc1KHE1+lw95cMrLlXQAFOx/xnBtwhZ52XJxd9X2O6kwKBqX32kmhbhlobD0cuw==

ms@^2.1.1:
  version "2.1.1"
  resolved "https://registry.yarnpkg.com/ms/-/ms-2.1.1.tgz#30a5864eb3ebb0a66f2ebe6d727af06a09d86e0a"
  integrity sha512-tgp+dl5cGk28utYktBsrFqA7HKgrhgPsg6Z/EfhWI4gl1Hwq8B/GmY/0oXZ6nF8hDVesS/FpnYaD/kOWhYQvyg==

object-assign@^4.1.1:
  version "4.1.1"
  resolved "https://registry.yarnpkg.com/object-assign/-/object-assign-4.1.1.tgz#2109adc7965887cfc05cbbd442cac8bfbb360863"
  integrity sha1-IQmtx5ZYh8/AXLvUQsrIv7s2CGM=

prop-types@^15.5.8:
  version "15.6.2"
  resolved "https://registry.yarnpkg.com/prop-types/-/prop-types-15.6.2.tgz#05d5ca77b4453e985d60fc7ff8c859094a497102"
  integrity sha512-3pboPvLiWD7dkI3qf3KbUe6hKFKa52w+AE0VCqECtf+QHAKgOL37tTaNCnuX1nAAQ4ZhyP+kYVKf8rLmJ/feDQ==
  dependencies:
    loose-envify "^1.3.1"
    object-assign "^4.1.1"

react-immutable-proptypes@^2.1.0:
  version "2.1.0"
  resolved "https://registry.yarnpkg.com/react-immutable-proptypes/-/react-immutable-proptypes-2.1.0.tgz#023d6f39bb15c97c071e9e60d00d136eac5fa0b4"
  integrity sha1-Aj1vObsVyXwHHp5g0A0TbqxfoLQ=

selection-is-backward@^1.0.0:
  version "1.0.0"
  resolved "https://registry.yarnpkg.com/selection-is-backward/-/selection-is-backward-1.0.0.tgz#97a54633188a511aba6419fc5c1fa91b467e6be1"
  integrity sha1-l6VGMxiKURq6ZBn8XB+pG0Z+a+E=

slate-base64-serializer@^0.2.91:
  version "0.2.91"
  resolved "https://registry.yarnpkg.com/slate-base64-serializer/-/slate-base64-serializer-0.2.91.tgz#d66fe202288dedc6cf0189f20c36fce695d54580"
  integrity sha512-kZIklWhDurFmFEWJjIao0rg3d+oDLhMqENne57lpYcKCM/DWAVK8Ohx9KlaamX87hEr6moUtkqbJ9PyTFXoZlg==
  dependencies:
    isomorphic-base64 "^1.0.2"

slate-dev-environment@^0.2.0:
  version "0.2.0"
  resolved "https://registry.yarnpkg.com/slate-dev-environment/-/slate-dev-environment-0.2.0.tgz#c43f4a5e13cccc16ad4c3015c8ad182b6e5b5b3a"
  integrity sha512-xxh3ThUSHYDwRUaywRQeOySJFI1kU4mYw9uDUbjk3VTpt0BHCFufHkCU5f22U8HyP7b2nDVFwfyXg1Q0o+Ksag==
  dependencies:
    is-in-browser "^1.1.3"

slate-hotkeys@^0.2.7:
  version "0.2.7"
  resolved "https://registry.yarnpkg.com/slate-hotkeys/-/slate-hotkeys-0.2.7.tgz#a5b613ced4af931b2d74a206f985ee2c63f3b0f9"
  integrity sha512-k6iaR24w15CSM24jbi6My4WD2ePw4Byn8x3ARz3UtKrfSEO4F8Er/aPxegLhBujNE9u041uBMGeua44rlhemkw==
  dependencies:
    is-hotkey "0.1.4"
    slate-dev-environment "^0.2.0"

slate-plain-serializer@^0.6.30:
  version "0.6.30"
  resolved "https://registry.yarnpkg.com/slate-plain-serializer/-/slate-plain-serializer-0.6.30.tgz#2a18aac879988eacf7ef370d735c1aff2d70131b"
  integrity sha512-+Zz2VaYhshXztavHXYKfA7MT/w4sQHxe9X3a9uTqP/N5nIHswln82UdGZSDXPtI7XnBbU/depxhQPTPhUxOE8Q==

slate-prop-types@^0.5.21:
  version "0.5.21"
  resolved "https://registry.yarnpkg.com/slate-prop-types/-/slate-prop-types-0.5.21.tgz#996e0b2a219d7c7da0e127f6d31b2fb19b688ae7"
  integrity sha512-fYp+12rofb4sp3/V0l5w9ji9M4f+UbtbyIIDWcfKjFMjmBh6ViksbG3gB334bErS79rwtq0LzNF5sVSUuP5kgg==

slate-react-placeholder@^0.1.9:
  version "0.1.9"
  resolved "https://registry.yarnpkg.com/slate-react-placeholder/-/slate-react-placeholder-0.1.9.tgz#683aaa4542c91b55552c51e4649d76ca778e14fb"
  integrity sha512-Y4AB8QG0PK7jsCAkFfh4jX7+qLR2VIs5JbVuqorRPUcbA6iQk/gm0CylaUEEFCVEf6JiCd6yAwjRm38xSQQsmw==

slate-react@^0.21.12:
  version "0.21.12"
  resolved "https://registry.yarnpkg.com/slate-react/-/slate-react-0.21.12.tgz#e3bee253324167ebb5185a6587c5450558575c23"
  integrity sha512-eTdHQrAUKt2ep/HjuWn1cCEzs16xJw0owHdku76PVoezaxHpOGxRTBVppjQzy57eAOIngdo0LkdiT4c9BpO19A==
  dependencies:
    debug "^3.1.0"
    get-window "^1.1.1"
    is-window "^1.0.2"
    lodash "^4.1.1"
    memoize-one "^4.0.0"
    prop-types "^15.5.8"
    react-immutable-proptypes "^2.1.0"
    selection-is-backward "^1.0.0"
    slate-base64-serializer "^0.2.91"
    slate-dev-environment "^0.2.0"
    slate-hotkeys "^0.2.7"
    slate-plain-serializer "^0.6.30"
    slate-prop-types "^0.5.21"
    slate-react-placeholder "^0.1.9"
    tiny-invariant "^1.0.1"
    tiny-warning "^0.0.3"

slate@^0.44.6:
  version "0.44.6"
  resolved "https://registry.yarnpkg.com/slate/-/slate-0.44.6.tgz#47ab3127641bc1faa3e5a5b01bfab8861843c82e"
  integrity sha512-Q5DASlX7tUXrAaQFb5AliZjAeuXkI1oVq3HM8A/mb4qClwpSpuKq/uOcA3855bFzAOXSjUM/kESK3M3oiIHnNA==
  dependencies:
    debug "^3.1.0"
    direction "^0.1.5"
    esrever "^0.2.0"
    is-plain-object "^2.0.4"
    lodash "^4.17.4"
    tiny-invariant "^1.0.1"
    tiny-warning "^0.0.3"
    type-of "^2.0.1"

tiny-invariant@^1.0.1:
  version "1.0.3"
  resolved "https://registry.yarnpkg.com/tiny-invariant/-/tiny-invariant-1.0.3.tgz#91efaaa0269ccb6271f0296aeedb05fc3e067b7a"
  integrity sha512-ytQx8T4DL8PjlX53yYzcIC0WhIZbpR0p1qcYjw2pHu3w6UtgWwFJQ/02cnhOnBBhlFx/edUIfcagCaQSe3KMWg==

tiny-warning@^0.0.3:
  version "0.0.3"
  resolved "https://registry.yarnpkg.com/tiny-warning/-/tiny-warning-0.0.3.tgz#1807eb4c5f81784a6354d58ea1d5024f18c6c81f"
  integrity sha512-r0SSA5Y5IWERF9Xh++tFPx0jITBgGggOsRLDWWew6YRw/C2dr4uNO1fw1vanrBmHsICmPyMLNBZboTlxUmUuaA==

type-of@^2.0.1:
  version "2.0.1"
  resolved "https://registry.yarnpkg.com/type-of/-/type-of-2.0.1.tgz#e72a1741896568e9f628378d816d6912f7f23972"
  integrity sha1-5yoXQYllaOn2KDeNgW1pEvfyOXI=
